// !$*UTF8*$!
{
	archiveVersion = 1;
	classes = {
	};
	objectVersion = 46;
	objects = {

/* Begin PBXBuildFile section */
		E4B290471D2A9F4D00A85F2F /* main.cpp in Sources */ = {isa = PBXBuildFile; fileRef = E4B290461D2A9F4D00A85F2F /* main.cpp */; };
/* End PBXBuildFile section */

/* Begin PBXCopyFilesBuildPhase section */
		E4B290411D2A9F4D00A85F2F /* CopyFiles */ = {
			isa = PBXCopyFilesBuildPhase;
			buildActionMask = 2147483647;
			dstPath = /usr/share/man/man1/;
			dstSubfolderSpec = 0;
			files = (
			);
			runOnlyForDeploymentPostprocessing = 1;
		};
/* End PBXCopyFilesBuildPhase section */

/* Begin PBXFileReference section */
		E4B290431D2A9F4D00A85F2F /* 剑指offer:面试题51:数组中的重复数字 */ = {isa = PBXFileReference; explicitFileType = "compiled.mach-o.executable"; includeInIndex = 0; path = "剑指offer:面试题51:数组中的重复数字"; sourceTree = BUILT_PRODUCTS_DIR; };
		E4B290461D2A9F4D00A85F2F /* main.cpp */ = {isa = PBXFileReference; lastKnownFileType = sourcecode.cpp.cpp; path = main.cpp; sourceTree = "<group>"; };
/* End PBXFileReference section */

/* Begin PBXFrameworksBuildPhase section */
		E4B290401D2A9F4D00A85F2F /* Frameworks */ = {
			isa = PBXFrameworksBuildPhase;
			buildActionMask = 2147483647;
			files = (
			);
			runOnlyForDeploymentPostprocessing = 0;
		};
/* End PBXFrameworksBuildPhase section */

/* Begin PBXGroup section */
		E4B2903A1D2A9F4D00A85F2F = {
			isa = PBXGroup;
			children = (
				E4B290451D2A9F4D00A85F2F /* 剑指offer:面试题51:数组中的重复数字 */,
				E4B290441D2A9F4D00A85F2F /* Products */,
			);
			sourceTree = "<group>";
		};
		E4B290441D2A9F4D00A85F2F /* Products */ = {
			isa = PBXGroup;
			children = (
				E4B290431D2A9F4D00A85F2F /* 剑指offer:面试题51:数组中的重复数字 */,
			);
			name = Products;
			sourceTree = "<group>";
		};
		E4B290451D2A9F4D00A85F2F /* 剑指offer:面试题51:数组中的重复数字 */ = {
			isa = PBXGroup;
			children = (
				E4B290461D2A9F4D00A85F2F /* main.cpp */,
			);
			path = "剑指offer:面试题51:数组中的重复数字";
			sourceTree = "<group>";
		};
/* End PBXGroup section */

/* Begin PBXNativeTarget section */
		E4B290421D2A9F4D00A85F2F /* 剑指offer:面试题51:数组中的重复数字 */ = {
			isa = PBXNativeTarget;
			buildConfigurationList = E4B2904A1D2A9F4D00A85F2F /* Build configuration list for PBXNativeTarget "剑指offer:面试题51:数组中的重复数字" */;
			buildPhases = (
				E4B2903F1D2A9F4D00A85F2F /* Sources */,
				E4B290401D2A9F4D00A85F2F /* Frameworks */,
				E4B290411D2A9F4D00A85F2F /* CopyFiles */,
			);
			buildRules = (
			);
			dependencies = (
			);
			name = "剑指offer:面试题51:数组中的重复数字";
			productName = "剑指offer:面试题51:数组中的重复数字";
			productReference = E4B290431D2A9F4D00A85F2F /* 剑指offer:面试题51:数组中的重复数字 */;
			productType = "com.apple.product-type.tool";
		};
/* End PBXNativeTarget section */

/* Begin PBXProject section */
		E4B2903B1D2A9F4D00A85F2F /* Project object */ = {
			isa = PBXProject;
			attributes = {
				LastUpgradeCheck = 0720;
				ORGANIZATIONNAME = iKingsly;
				TargetAttributes = {
					E4B290421D2A9F4D00A85F2F = {
						CreatedOnToolsVersion = 7.2.1;
					};
				};
			};
			buildConfigurationList = E4B2903E1D2A9F4D00A85F2F /* Build configuration list for PBXProject "剑指offer:面试题51:数组中的重复数字" */;
			compatibilityVersion = "Xcode 3.2";
			developmentRegion = English;
			hasScannedForEncodings = 0;
			knownRegions = (
				en,
			);
			mainGroup = E4B2903A1D2A9F4D00A85F2F;
			productRefGroup = E4B290441D2A9F4D00A85F2F /* Products */;
			projectDirPath = "";
			projectRoot = "";
			targets = (
				E4B290421D2A9F4D00A85F2F /* 剑指offer:面试题51:数组中的重复数字 */,
			);
		};
/* End PBXProject section */

/* Begin PBXSourcesBuildPhase section */
		E4B2903F1D2A9F4D00A85F2F /* Sources */ = {
			isa = PBXSourcesBuildPhase;
			buildActionMask = 2147483647;
			files = (
				E4B290471D2A9F4D00A85F2F /* main.cpp in Sources */,
			);
			runOnlyForDeploymentPostprocessing = 0;
		};
/* End PBXSourcesBuildPhase section */

/* Begin XCBuildConfiguration section */
		E4B290481D2A9F4D00A85F2F /* Debug */ = {
			isa = XCBuildConfiguration;
			buildSettings = {
				ALWAYS_SEARCH_USER_PATHS = NO;
				CLANG_CXX_LANGUAGE_STANDARD = "gnu++0x";
				CLANG_CXX_LIBRARY = "libc++";
				CLANG_ENABLE_MODULES = YES;
				CLANG_ENABLE_OBJC_ARC = YES;
				CLANG_WARN_BOOL_CONVERSION = YES;
				CLANG_WARN_CONSTANT_CONVERSION = YES;
				CLANG_WARN_DIRECT_OBJC_ISA_USAGE = YES_ERROR;
				CLANG_WARN_EMPTY_BODY = YES;
				CLANG_WARN_ENUM_CONVERSION = YES;
				CLANG_WARN_INT_CONVERSION = YES;
				CLANG_WARN_OBJC_ROOT_CLASS = YES_ERROR;
				CLANG_WARN_UNREACHABLE_CODE = YES;
				CLANG_WARN__DUPLICATE_METHOD_MATCH = YES;
				CODE_SIGN_IDENTITY = "-";
				COPY_PHASE_STRIP = NO;
				DEBUG_INFORMATION_FORMAT = dwarf;
				ENABLE_STRICT_OBJC_MSGSEND = YES;
				ENABLE_TESTABILITY = YES;
				GCC_C_LANGUAGE_STANDARD = gnu99;
				GCC_DYNAMIC_NO_PIC = NO;
				GCC_NO_COMMON_BLOCKS = YES;
				GCC_OPTIMIZATION_LEVEL = 0;
				GCC_PREPROCESSOR_DEFINITIONS = (
					"DEBUG=1",
					"$(inherited)",
				);
				GCC_WARN_64_TO_32_BIT_CONVERSION = YES;
				GCC_WARN_ABOUT_RETURN_TYPE = YES_ERROR;
				GCC_WARN_UNDECLARED_SELECTOR = YES;
				GCC_WARN_UNINITIALIZED_AUTOS = YES_AGGRESSIVE;
				GCC_WARN_UNUSED_FUNCTION = YES;
				GCC_WARN_UNUSED_VARIABLE = YES;
				MACOSX_DEPLOYMENT_TARGET = 10.11;
				MTL_ENABLE_DEBUG_INFO = YES;
				ONLY_ACTIVE_ARCH = YES;
				SDKROOT = macosx;
			};
			name = Debug;
		};
		E4B290491D2A9F4D00A85F2F /* Release */ = {
			isa = XCBuildConfiguration;
			buildSettings = {
				ALWAYS_SEARCH_USER_PATHS = NO;
				CLANG_CXX_LANGUAGE_STANDARD = "gnu++0x";
				CLANG_CXX_LIBRARY = "libc++";
				CLANG_ENABLE_MODULES = YES;
				CLANG_ENABLE_OBJC_ARC = YES;
				CLANG_WARN_BOOL_CONVERSION = YES;
				CLANG_WARN_CONSTANT_CONVERSION = YES;
				CLANG_WARN_DIRECT_OBJC_ISA_USAGE = YES_ERROR;
				CLANG_WARN_EMPTY_BODY = YES;
				CLANG_WARN_ENUM_CONVERSION = YES;
				CLANG_WARN_INT_CONVERSION = YES;
				CLANG_WARN_OBJC_ROOT_CLASS = YES_ERROR;
				CLANG_WARN_UNREACHABLE_CODE = YES;
				CLANG_WARN__DUPLICATE_METHOD_MATCH = YES;
				CODE_SIGN_IDENTITY = "-";
				COPY_PHASE_STRIP = NO;
				DEBUG_INFORMATION_FORMAT = "dwarf-with-dsym";
				ENABLE_NS_ASSERTIONS = NO;
				ENABLE_STRICT_OBJC_MSGSEND = YES;
				GCC_C_LANGUAGE_STANDARD = gnu99;
				GCC_NO_COMMON_BLOCKS = YES;
				GCC_WARN_64_TO_32_BIT_CONVERSION = YES;
				GCC_WARN_ABOUT_RETURN_TYPE = YES_ERROR;
				GCC_WARN_UNDECLARED_SELECTOR = YES;
				GCC_WARN_UNINITIALIZED_AUTOS = YES_AGGRESSIVE;
				GCC_WARN_UNUSED_FUNCTION = YES;
				GCC_WARN_UNUSED_VARIABLE = YES;
				MACOSX_DEPLOYMENT_TARGET = 10.11;
				MTL_ENABLE_DEBUG_INFO = NO;
				SDKROOT = macosx;
			};
			name = Release;
		};
		E4B2904B1D2A9F4D00A85F2F /* Debug */ = {
			isa = XCBuildConfiguration;
			buildSettings = {
				PRODUCT_NAME = "$(TARGET_NAME)";
			};
			name = Debug;
		};
		E4B2904C1D2A9F4D00A85F2F /* Release */ = {
			isa = XCBuildConfiguration;
			buildSettings = {
				PRODUCT_NAME = "$(TARGET_NAME)";
			};
			name = Release;
		};
/* End XCBuildConfiguration section */

/* Begin XCConfigurationList section */
		E4B2903E1D2A9F4D00A85F2F /* Build configuration list for PBXProject "剑指offer:面试题51:数组中的重复数字" */ = {
			isa = XCConfigurationList;
			buildConfigurations = (
				E4B290481D2A9F4D00A85F2F /* Debug */,
				E4B290491D2A9F4D00A85F2F /* Release */,
			);
			defaultConfigurationIsVisible = 0;
			defaultConfigurationName = Release;
		};
		E4B2904A1D2A9F4D00A85F2F /* Build configuration list for PBXNativeTarget "剑指offer:面试题51:数组中的重复数字" */ = {
			isa = XCConfigurationList;
			buildConfigurations = (
				E4B2904B1D2A9F4D00A85F2F /* Debug */,
				E4B2904C1D2A9F4D00A85F2F /* Release */,
			);
			defaultConfigurationIsVisible = 0;
		};
/* End XCConfigurationList section */
	};
	rootObject = E4B2903B1D2A9F4D00A85F2F /* Project object */;
}
