// !$*UTF8*$!
{
	archiveVersion = 1;
	classes = {
	};
	objectVersion = 46;
	objects = {

/* Begin PBXBuildFile section */
		0DAEBADC1CF7460B001A866E /* main.cpp in Sources */ = {isa = PBXBuildFile; fileRef = 0DAEBADB1CF7460B001A866E /* main.cpp */; };
/* End PBXBuildFile section */

/* Begin PBXCopyFilesBuildPhase section */
		0DAEBAD61CF7460B001A866E /* CopyFiles */ = {
			isa = PBXCopyFilesBuildPhase;
			buildActionMask = 2147483647;
			dstPath = /usr/share/man/man1/;
			dstSubfolderSpec = 0;
			files = (
			);
			runOnlyForDeploymentPostprocessing = 1;
		};
/* End PBXCopyFilesBuildPhase section */

/* Begin PBXFileReference section */
		0DAEBAD81CF7460B001A866E /* 面试题6.重建二叉树 */ = {isa = PBXFileReference; explicitFileType = "compiled.mach-o.executable"; includeInIndex = 0; path = "面试题6.重建二叉树"; sourceTree = BUILT_PRODUCTS_DIR; };
		0DAEBADB1CF7460B001A866E /* main.cpp */ = {isa = PBXFileReference; lastKnownFileType = sourcecode.cpp.cpp; path = main.cpp; sourceTree = "<group>"; };
/* End PBXFileReference section */

/* Begin PBXFrameworksBuildPhase section */
		0DAEBAD51CF7460B001A866E /* Frameworks */ = {
			isa = PBXFrameworksBuildPhase;
			buildActionMask = 2147483647;
			files = (
			);
			runOnlyForDeploymentPostprocessing = 0;
		};
/* End PBXFrameworksBuildPhase section */

/* Begin PBXGroup section */
		0DAEBACF1CF7460B001A866E = {
			isa = PBXGroup;
			children = (
				0DAEBADA1CF7460B001A866E /* 面试题6.重建二叉树 */,
				0DAEBAD91CF7460B001A866E /* Products */,
			);
			sourceTree = "<group>";
		};
		0DAEBAD91CF7460B001A866E /* Products */ = {
			isa = PBXGroup;
			children = (
				0DAEBAD81CF7460B001A866E /* 面试题6.重建二叉树 */,
			);
			name = Products;
			sourceTree = "<group>";
		};
		0DAEBADA1CF7460B001A866E /* 面试题6.重建二叉树 */ = {
			isa = PBXGroup;
			children = (
				0DAEBADB1CF7460B001A866E /* main.cpp */,
			);
			path = "面试题6.重建二叉树";
			sourceTree = "<group>";
		};
/* End PBXGroup section */

/* Begin PBXNativeTarget section */
		0DAEBAD71CF7460B001A866E /* 面试题6.重建二叉树 */ = {
			isa = PBXNativeTarget;
			buildConfigurationList = 0DAEBADF1CF7460B001A866E /* Build configuration list for PBXNativeTarget "面试题6.重建二叉树" */;
			buildPhases = (
				0DAEBAD41CF7460B001A866E /* Sources */,
				0DAEBAD51CF7460B001A866E /* Frameworks */,
				0DAEBAD61CF7460B001A866E /* CopyFiles */,
			);
			buildRules = (
			);
			dependencies = (
			);
			name = "面试题6.重建二叉树";
			productName = "面试题6.重建二叉树";
			productReference = 0DAEBAD81CF7460B001A866E /* 面试题6.重建二叉树 */;
			productType = "com.apple.product-type.tool";
		};
/* End PBXNativeTarget section */

/* Begin PBXProject section */
		0DAEBAD01CF7460B001A866E /* Project object */ = {
			isa = PBXProject;
			attributes = {
				LastUpgradeCheck = 0720;
				ORGANIZATIONNAME = iKingsly;
				TargetAttributes = {
					0DAEBAD71CF7460B001A866E = {
						CreatedOnToolsVersion = 7.2.1;
					};
				};
			};
			buildConfigurationList = 0DAEBAD31CF7460B001A866E /* Build configuration list for PBXProject "面试题6.重建二叉树" */;
			compatibilityVersion = "Xcode 3.2";
			developmentRegion = English;
			hasScannedForEncodings = 0;
			knownRegions = (
				en,
			);
			mainGroup = 0DAEBACF1CF7460B001A866E;
			productRefGroup = 0DAEBAD91CF7460B001A866E /* Products */;
			projectDirPath = "";
			projectRoot = "";
			targets = (
				0DAEBAD71CF7460B001A866E /* 面试题6.重建二叉树 */,
			);
		};
/* End PBXProject section */

/* Begin PBXSourcesBuildPhase section */
		0DAEBAD41CF7460B001A866E /* Sources */ = {
			isa = PBXSourcesBuildPhase;
			buildActionMask = 2147483647;
			files = (
				0DAEBADC1CF7460B001A866E /* main.cpp in Sources */,
			);
			runOnlyForDeploymentPostprocessing = 0;
		};
/* End PBXSourcesBuildPhase section */

/* Begin XCBuildConfiguration section */
		0DAEBADD1CF7460B001A866E /* Debug */ = {
			isa = XCBuildConfiguration;
			buildSettings = {
				ALWAYS_SEARCH_USER_PATHS = NO;
				CLANG_CXX_LANGUAGE_STANDARD = "gnu++0x";
				CLANG_CXX_LIBRARY = "libc++";
				CLANG_ENABLE_MODULES = YES;
				CLANG_ENABLE_OBJC_ARC = YES;
				CLANG_WARN_BOOL_CONVERSION = YES;
				CLANG_WARN_CONSTANT_CONVERSION = YES;
				CLANG_WARN_DIRECT_OBJC_ISA_USAGE = YES_ERROR;
				CLANG_WARN_EMPTY_BODY = YES;
				CLANG_WARN_ENUM_CONVERSION = YES;
				CLANG_WARN_INT_CONVERSION = YES;
				CLANG_WARN_OBJC_ROOT_CLASS = YES_ERROR;
				CLANG_WARN_UNREACHABLE_CODE = YES;
				CLANG_WARN__DUPLICATE_METHOD_MATCH = YES;
				CODE_SIGN_IDENTITY = "-";
				COPY_PHASE_STRIP = NO;
				DEBUG_INFORMATION_FORMAT = dwarf;
				ENABLE_STRICT_OBJC_MSGSEND = YES;
				ENABLE_TESTABILITY = YES;
				GCC_C_LANGUAGE_STANDARD = gnu99;
				GCC_DYNAMIC_NO_PIC = NO;
				GCC_NO_COMMON_BLOCKS = YES;
				GCC_OPTIMIZATION_LEVEL = 0;
				GCC_PREPROCESSOR_DEFINITIONS = (
					"DEBUG=1",
					"$(inherited)",
				);
				GCC_WARN_64_TO_32_BIT_CONVERSION = YES;
				GCC_WARN_ABOUT_RETURN_TYPE = YES_ERROR;
				GCC_WARN_UNDECLARED_SELECTOR = YES;
				GCC_WARN_UNINITIALIZED_AUTOS = YES_AGGRESSIVE;
				GCC_WARN_UNUSED_FUNCTION = YES;
				GCC_WARN_UNUSED_VARIABLE = YES;
				MACOSX_DEPLOYMENT_TARGET = 10.11;
				MTL_ENABLE_DEBUG_INFO = YES;
				ONLY_ACTIVE_ARCH = YES;
				SDKROOT = macosx;
			};
			name = Debug;
		};
		0DAEBADE1CF7460B001A866E /* Release */ = {
			isa = XCBuildConfiguration;
			buildSettings = {
				ALWAYS_SEARCH_USER_PATHS = NO;
				CLANG_CXX_LANGUAGE_STANDARD = "gnu++0x";
				CLANG_CXX_LIBRARY = "libc++";
				CLANG_ENABLE_MODULES = YES;
				CLANG_ENABLE_OBJC_ARC = YES;
				CLANG_WARN_BOOL_CONVERSION = YES;
				CLANG_WARN_CONSTANT_CONVERSION = YES;
				CLANG_WARN_DIRECT_OBJC_ISA_USAGE = YES_ERROR;
				CLANG_WARN_EMPTY_BODY = YES;
				CLANG_WARN_ENUM_CONVERSION = YES;
				CLANG_WARN_INT_CONVERSION = YES;
				CLANG_WARN_OBJC_ROOT_CLASS = YES_ERROR;
				CLANG_WARN_UNREACHABLE_CODE = YES;
				CLANG_WARN__DUPLICATE_METHOD_MATCH = YES;
				CODE_SIGN_IDENTITY = "-";
				COPY_PHASE_STRIP = NO;
				DEBUG_INFORMATION_FORMAT = "dwarf-with-dsym";
				ENABLE_NS_ASSERTIONS = NO;
				ENABLE_STRICT_OBJC_MSGSEND = YES;
				GCC_C_LANGUAGE_STANDARD = gnu99;
				GCC_NO_COMMON_BLOCKS = YES;
				GCC_WARN_64_TO_32_BIT_CONVERSION = YES;
				GCC_WARN_ABOUT_RETURN_TYPE = YES_ERROR;
				GCC_WARN_UNDECLARED_SELECTOR = YES;
				GCC_WARN_UNINITIALIZED_AUTOS = YES_AGGRESSIVE;
				GCC_WARN_UNUSED_FUNCTION = YES;
				GCC_WARN_UNUSED_VARIABLE = YES;
				MACOSX_DEPLOYMENT_TARGET = 10.11;
				MTL_ENABLE_DEBUG_INFO = NO;
				SDKROOT = macosx;
			};
			name = Release;
		};
		0DAEBAE01CF7460B001A866E /* Debug */ = {
			isa = XCBuildConfiguration;
			buildSettings = {
				PRODUCT_NAME = "$(TARGET_NAME)";
			};
			name = Debug;
		};
		0DAEBAE11CF7460B001A866E /* Release */ = {
			isa = XCBuildConfiguration;
			buildSettings = {
				PRODUCT_NAME = "$(TARGET_NAME)";
			};
			name = Release;
		};
/* End XCBuildConfiguration section */

/* Begin XCConfigurationList section */
		0DAEBAD31CF7460B001A866E /* Build configuration list for PBXProject "面试题6.重建二叉树" */ = {
			isa = XCConfigurationList;
			buildConfigurations = (
				0DAEBADD1CF7460B001A866E /* Debug */,
				0DAEBADE1CF7460B001A866E /* Release */,
			);
			defaultConfigurationIsVisible = 0;
			defaultConfigurationName = Release;
		};
		0DAEBADF1CF7460B001A866E /* Build configuration list for PBXNativeTarget "面试题6.重建二叉树" */ = {
			isa = XCConfigurationList;
			buildConfigurations = (
				0DAEBAE01CF7460B001A866E /* Debug */,
				0DAEBAE11CF7460B001A866E /* Release */,
			);
			defaultConfigurationIsVisible = 0;
		};
/* End XCConfigurationList section */
	};
	rootObject = 0DAEBAD01CF7460B001A866E /* Project object */;
}
